
Microsoft Visual Studio Solution File, Format Version 12.00
# Visual Studio 2012
Project("{FAE04EC0-301F-11D3-BF4B-00C04F79EFBC}") = "SteKoLib", "SteKoLib.csproj", "{3B1792BD-A6DC-42F9-ACDE-C4F256C0F78A}"
EndProject
Global
	GlobalSection(SolutionConfigurationPlatforms) = preSolution
		Debug|Any CPU = Debug|Any CPU
		Release|Any CPU = Release|Any CPU
	EndGlobalSection
	GlobalSection(ProjectConfigurationPlatforms) = postSolution
		{3B1792BD-A6DC-42F9-ACDE-C4F256C0F78A}.Debug|Any CPU.ActiveCfg = Debug|Any CPU
		{3B1792BD-A6DC-42F9-ACDE-C4F256C0F78A}.Debug|Any CPU.Build.0 = Debug|Any CPU
		{3B1792BD-A6DC-42F9-ACDE-C4F256C0F78A}.Release|Any CPU.ActiveCfg = Release|Any CPU
		{3B1792BD-A6DC-42F9-ACDE-C4F256C0F78A}.Release|Any CPU.Build.0 = Release|Any CPU
	EndGlobalSection
	GlobalSection(SolutionProperties) = preSolution
		HideSolutionNode = FALSE
	EndGlobalSection
EndGlobal
